// !$*UTF8*$!
{
	archiveVersion = 1;
	classes = {
	};
	objectVersion = 55;
	objects = {

/* Begin PBXBuildFile section */
		440535AF19F3BA4E5BCFF18C /* awsconfiguration.json in Resources */ = {isa = PBXBuildFile; fileRef = B781DF9912E7BEDA9FD35850 /* awsconfiguration.json */; };
		5926A8952965A1D4A8B5DAED /* Pods_FindTask_FindTaskUITests.framework in Frameworks */ = {isa = PBXBuildFile; fileRef = 698AEDE389A865E20321E5FF /* Pods_FindTask_FindTaskUITests.framework */; };
		61C49CC03C73585EC4998E14 /* amplifyconfiguration.json in Resources */ = {isa = PBXBuildFile; fileRef = 053B6B44A9BF73B8F22EF23C /* amplifyconfiguration.json */; };
		64A81EE88A3143DA658EF798 /* Pods_FindTaskTests.framework in Frameworks */ = {isa = PBXBuildFile; fileRef = 18DB3A1F62D0FE8935F6B3E9 /* Pods_FindTaskTests.framework */; };
		760C513427C06313000087FC /* amplifyconfiguration.json in Resources */ = {isa = PBXBuildFile; fileRef = 760C513227C06313000087FC /* amplifyconfiguration.json */; };
		760C513527C06313000087FC /* awsconfiguration.json in Resources */ = {isa = PBXBuildFile; fileRef = 760C513327C06313000087FC /* awsconfiguration.json */; };
		760FB4A827B98E24007CA1A0 /* LogInView.swift in Sources */ = {isa = PBXBuildFile; fileRef = 760FB4A727B98E24007CA1A0 /* LogInView.swift */; };
		76153CC827B92DD4004F22A7 /* WelcomeScreenContentView.swift in Sources */ = {isa = PBXBuildFile; fileRef = 76153CC727B92DD4004F22A7 /* WelcomeScreenContentView.swift */; };
		761DAAC427BDE0DD00D327BE /* SignUpView.swift in Sources */ = {isa = PBXBuildFile; fileRef = 761DAAC327BDE0DD00D327BE /* SignUpView.swift */; };
		763793D627C97A7000268E64 /* SessionManager.swift in Sources */ = {isa = PBXBuildFile; fileRef = 763793D527C97A7000268E64 /* SessionManager.swift */; };
		7637C18C27C5C32300E05C99 /* BaseView.swift in Sources */ = {isa = PBXBuildFile; fileRef = 7637C18B27C5C32300E05C99 /* BaseView.swift */; };
		7637C18E27C5C42E00E05C99 /* SideMenu.swift in Sources */ = {isa = PBXBuildFile; fileRef = 7637C18D27C5C42E00E05C99 /* SideMenu.swift */; };
		7637C19027C5CD1C00E05C99 /* Home.swift in Sources */ = {isa = PBXBuildFile; fileRef = 7637C18F27C5CD1C00E05C99 /* Home.swift */; };
		7688054627ADFB8800EB0576 /* FindTaskApp.swift in Sources */ = {isa = PBXBuildFile; fileRef = 7688054527ADFB8800EB0576 /* FindTaskApp.swift */; };
		7688054A27ADFB8800EB0576 /* Assets.xcassets in Resources */ = {isa = PBXBuildFile; fileRef = 7688054927ADFB8800EB0576 /* Assets.xcassets */; };
		7688054D27ADFB8800EB0576 /* Preview Assets.xcassets in Resources */ = {isa = PBXBuildFile; fileRef = 7688054C27ADFB8800EB0576 /* Preview Assets.xcassets */; };
		7688055727ADFB8800EB0576 /* FindTaskTests.swift in Sources */ = {isa = PBXBuildFile; fileRef = 7688055627ADFB8800EB0576 /* FindTaskTests.swift */; };
		7688056127ADFB8800EB0576 /* FindTaskUITests.swift in Sources */ = {isa = PBXBuildFile; fileRef = 7688056027ADFB8800EB0576 /* FindTaskUITests.swift */; };
		7688056327ADFB8800EB0576 /* FindTaskUITestsLaunchTests.swift in Sources */ = {isa = PBXBuildFile; fileRef = 7688056227ADFB8800EB0576 /* FindTaskUITestsLaunchTests.swift */; };
		768A18D427C6AD4E002EA994 /* SettingsView.swift in Sources */ = {isa = PBXBuildFile; fileRef = 768A18D327C6AD4E002EA994 /* SettingsView.swift */; };
		768A18D727C6B3D8002EA994 /* LocationView.swift in Sources */ = {isa = PBXBuildFile; fileRef = 768A18D627C6B3D8002EA994 /* LocationView.swift */; };
		768A18D927C6C4DA002EA994 /* PlacingOrderHelpView.swift in Sources */ = {isa = PBXBuildFile; fileRef = 768A18D827C6C4DA002EA994 /* PlacingOrderHelpView.swift */; };
		768A18DB27C7BD71002EA994 /* ResetPasswordView.swift in Sources */ = {isa = PBXBuildFile; fileRef = 768A18DA27C7BD71002EA994 /* ResetPasswordView.swift */; };
		76918A3427BFEE9E0067A3BF /* ConfirmationView.swift in Sources */ = {isa = PBXBuildFile; fileRef = 76918A3327BFEE9E0067A3BF /* ConfirmationView.swift */; };
		76918A3627BFEEFF0067A3BF /* SessionView.swift in Sources */ = {isa = PBXBuildFile; fileRef = 76918A3527BFEEFF0067A3BF /* SessionView.swift */; };
		76E52D0027C531E200010346 /* OrderHistoryView.swift in Sources */ = {isa = PBXBuildFile; fileRef = 76E52CFF27C531E200010346 /* OrderHistoryView.swift */; };
		76E52D0627C5330800010346 /* PersonalInfomationView.swift in Sources */ = {isa = PBXBuildFile; fileRef = 76E52D0527C5330800010346 /* PersonalInfomationView.swift */; };
		76E52D0827C53B2F00010346 /* HelpCenterView.swift in Sources */ = {isa = PBXBuildFile; fileRef = 76E52D0727C53B2F00010346 /* HelpCenterView.swift */; };
		ABB2E67D0733CD44F7F58B2A /* Pods_FindTask.framework in Frameworks */ = {isa = PBXBuildFile; fileRef = 3BB27891DFD3268D9467DCEC /* Pods_FindTask.framework */; };
/* End PBXBuildFile section */

/* Begin PBXContainerItemProxy section */
		7688055327ADFB8800EB0576 /* PBXContainerItemProxy */ = {
			isa = PBXContainerItemProxy;
			containerPortal = 7688053A27ADFB8700EB0576 /* Project object */;
			proxyType = 1;
			remoteGlobalIDString = 7688054127ADFB8800EB0576;
			remoteInfo = FindTask;
		};
		7688055D27ADFB8800EB0576 /* PBXContainerItemProxy */ = {
			isa = PBXContainerItemProxy;
			containerPortal = 7688053A27ADFB8700EB0576 /* Project object */;
			proxyType = 1;
			remoteGlobalIDString = 7688054127ADFB8800EB0576;
			remoteInfo = FindTask;
		};
/* End PBXContainerItemProxy section */

/* Begin PBXFileReference section */
		053B6B44A9BF73B8F22EF23C /* amplifyconfiguration.json */ = {isa = PBXFileReference; explicitFileType = text.json; path = amplifyconfiguration.json; sourceTree = "<group>"; };
		18DB3A1F62D0FE8935F6B3E9 /* Pods_FindTaskTests.framework */ = {isa = PBXFileReference; explicitFileType = wrapper.framework; includeInIndex = 0; path = Pods_FindTaskTests.framework; sourceTree = BUILT_PRODUCTS_DIR; };
		3B5F9C52916802B93C035EF8 /* Pods-FindTask.debug.xcconfig */ = {isa = PBXFileReference; includeInIndex = 1; lastKnownFileType = text.xcconfig; name = "Pods-FindTask.debug.xcconfig"; path = "Target Support Files/Pods-FindTask/Pods-FindTask.debug.xcconfig"; sourceTree = "<group>"; };
		3BB27891DFD3268D9467DCEC /* Pods_FindTask.framework */ = {isa = PBXFileReference; explicitFileType = wrapper.framework; includeInIndex = 0; path = Pods_FindTask.framework; sourceTree = BUILT_PRODUCTS_DIR; };
		4A35A5143126FD60290DEE4C /* Pods-FindTask-FindTaskUITests.debug.xcconfig */ = {isa = PBXFileReference; includeInIndex = 1; lastKnownFileType = text.xcconfig; name = "Pods-FindTask-FindTaskUITests.debug.xcconfig"; path = "Target Support Files/Pods-FindTask-FindTaskUITests/Pods-FindTask-FindTaskUITests.debug.xcconfig"; sourceTree = "<group>"; };
		5BFFC3D9CF6DEB5771643756 /* Pods-FindTaskTests.release.xcconfig */ = {isa = PBXFileReference; includeInIndex = 1; lastKnownFileType = text.xcconfig; name = "Pods-FindTaskTests.release.xcconfig"; path = "Target Support Files/Pods-FindTaskTests/Pods-FindTaskTests.release.xcconfig"; sourceTree = "<group>"; };
		698AEDE389A865E20321E5FF /* Pods_FindTask_FindTaskUITests.framework */ = {isa = PBXFileReference; explicitFileType = wrapper.framework; includeInIndex = 0; path = Pods_FindTask_FindTaskUITests.framework; sourceTree = BUILT_PRODUCTS_DIR; };
		72E2D2A78C06D65AA46AB624 /* Pods-FindTaskTests.debug.xcconfig */ = {isa = PBXFileReference; includeInIndex = 1; lastKnownFileType = text.xcconfig; name = "Pods-FindTaskTests.debug.xcconfig"; path = "Target Support Files/Pods-FindTaskTests/Pods-FindTaskTests.debug.xcconfig"; sourceTree = "<group>"; };
		760C513227C06313000087FC /* amplifyconfiguration.json */ = {isa = PBXFileReference; fileEncoding = 4; lastKnownFileType = text.json; path = amplifyconfiguration.json; sourceTree = SOURCE_ROOT; };
		760C513327C06313000087FC /* awsconfiguration.json */ = {isa = PBXFileReference; fileEncoding = 4; lastKnownFileType = text.json; path = awsconfiguration.json; sourceTree = SOURCE_ROOT; };
		760FB4A727B98E24007CA1A0 /* LogInView.swift */ = {isa = PBXFileReference; lastKnownFileType = sourcecode.swift; path = LogInView.swift; sourceTree = "<group>"; };
		76153CC727B92DD4004F22A7 /* WelcomeScreenContentView.swift */ = {isa = PBXFileReference; lastKnownFileType = sourcecode.swift; path = WelcomeScreenContentView.swift; sourceTree = "<group>"; };
		761DAAC327BDE0DD00D327BE /* SignUpView.swift */ = {isa = PBXFileReference; lastKnownFileType = sourcecode.swift; path = SignUpView.swift; sourceTree = "<group>"; };
		763793D527C97A7000268E64 /* SessionManager.swift */ = {isa = PBXFileReference; lastKnownFileType = sourcecode.swift; path = SessionManager.swift; sourceTree = "<group>"; };
		7637C18B27C5C32300E05C99 /* BaseView.swift */ = {isa = PBXFileReference; lastKnownFileType = sourcecode.swift; path = BaseView.swift; sourceTree = "<group>"; };
		7637C18D27C5C42E00E05C99 /* SideMenu.swift */ = {isa = PBXFileReference; lastKnownFileType = sourcecode.swift; path = SideMenu.swift; sourceTree = "<group>"; };
		7637C18F27C5CD1C00E05C99 /* Home.swift */ = {isa = PBXFileReference; lastKnownFileType = sourcecode.swift; path = Home.swift; sourceTree = "<group>"; };
		7688054227ADFB8800EB0576 /* FindTask.app */ = {isa = PBXFileReference; explicitFileType = wrapper.application; includeInIndex = 0; path = FindTask.app; sourceTree = BUILT_PRODUCTS_DIR; };
		7688054527ADFB8800EB0576 /* FindTaskApp.swift */ = {isa = PBXFileReference; lastKnownFileType = sourcecode.swift; path = FindTaskApp.swift; sourceTree = "<group>"; };
		7688054927ADFB8800EB0576 /* Assets.xcassets */ = {isa = PBXFileReference; lastKnownFileType = folder.assetcatalog; path = Assets.xcassets; sourceTree = "<group>"; };
		7688054C27ADFB8800EB0576 /* Preview Assets.xcassets */ = {isa = PBXFileReference; lastKnownFileType = folder.assetcatalog; path = "Preview Assets.xcassets"; sourceTree = "<group>"; };
		7688055227ADFB8800EB0576 /* FindTaskTests.xctest */ = {isa = PBXFileReference; explicitFileType = wrapper.cfbundle; includeInIndex = 0; path = FindTaskTests.xctest; sourceTree = BUILT_PRODUCTS_DIR; };
		7688055627ADFB8800EB0576 /* FindTaskTests.swift */ = {isa = PBXFileReference; lastKnownFileType = sourcecode.swift; path = FindTaskTests.swift; sourceTree = "<group>"; };
		7688055C27ADFB8800EB0576 /* FindTaskUITests.xctest */ = {isa = PBXFileReference; explicitFileType = wrapper.cfbundle; includeInIndex = 0; path = FindTaskUITests.xctest; sourceTree = BUILT_PRODUCTS_DIR; };
		7688056027ADFB8800EB0576 /* FindTaskUITests.swift */ = {isa = PBXFileReference; lastKnownFileType = sourcecode.swift; path = FindTaskUITests.swift; sourceTree = "<group>"; };
		7688056227ADFB8800EB0576 /* FindTaskUITestsLaunchTests.swift */ = {isa = PBXFileReference; lastKnownFileType = sourcecode.swift; path = FindTaskUITestsLaunchTests.swift; sourceTree = "<group>"; };
		768A18D327C6AD4E002EA994 /* SettingsView.swift */ = {isa = PBXFileReference; lastKnownFileType = sourcecode.swift; path = SettingsView.swift; sourceTree = "<group>"; };
		768A18D627C6B3D8002EA994 /* LocationView.swift */ = {isa = PBXFileReference; lastKnownFileType = sourcecode.swift; path = LocationView.swift; sourceTree = "<group>"; };
		768A18D827C6C4DA002EA994 /* PlacingOrderHelpView.swift */ = {isa = PBXFileReference; lastKnownFileType = sourcecode.swift; path = PlacingOrderHelpView.swift; sourceTree = "<group>"; };
		768A18DA27C7BD71002EA994 /* ResetPasswordView.swift */ = {isa = PBXFileReference; lastKnownFileType = sourcecode.swift; path = ResetPasswordView.swift; sourceTree = "<group>"; };
		76918A3327BFEE9E0067A3BF /* ConfirmationView.swift */ = {isa = PBXFileReference; lastKnownFileType = sourcecode.swift; path = ConfirmationView.swift; sourceTree = "<group>"; };
		76918A3527BFEEFF0067A3BF /* SessionView.swift */ = {isa = PBXFileReference; lastKnownFileType = sourcecode.swift; path = SessionView.swift; sourceTree = "<group>"; };
		76E52CFF27C531E200010346 /* OrderHistoryView.swift */ = {isa = PBXFileReference; lastKnownFileType = sourcecode.swift; path = OrderHistoryView.swift; sourceTree = "<group>"; };
		76E52D0527C5330800010346 /* PersonalInfomationView.swift */ = {isa = PBXFileReference; lastKnownFileType = sourcecode.swift; path = PersonalInfomationView.swift; sourceTree = "<group>"; };
		76E52D0727C53B2F00010346 /* HelpCenterView.swift */ = {isa = PBXFileReference; lastKnownFileType = sourcecode.swift; path = HelpCenterView.swift; sourceTree = "<group>"; };
		9C7858F10C98DD1C897F0321 /* Pods-FindTask-FindTaskUITests.release.xcconfig */ = {isa = PBXFileReference; includeInIndex = 1; lastKnownFileType = text.xcconfig; name = "Pods-FindTask-FindTaskUITests.release.xcconfig"; path = "Target Support Files/Pods-FindTask-FindTaskUITests/Pods-FindTask-FindTaskUITests.release.xcconfig"; sourceTree = "<group>"; };
		B781DF9912E7BEDA9FD35850 /* awsconfiguration.json */ = {isa = PBXFileReference; explicitFileType = text.json; path = awsconfiguration.json; sourceTree = "<group>"; };
		CC77A1D6C65D239B574A1D75 /* Pods-FindTask.release.xcconfig */ = {isa = PBXFileReference; includeInIndex = 1; lastKnownFileType = text.xcconfig; name = "Pods-FindTask.release.xcconfig"; path = "Target Support Files/Pods-FindTask/Pods-FindTask.release.xcconfig"; sourceTree = "<group>"; };
/* End PBXFileReference section */

/* Begin PBXFrameworksBuildPhase section */
		7688053F27ADFB8800EB0576 /* Frameworks */ = {
			isa = PBXFrameworksBuildPhase;
			buildActionMask = 2147483647;
			files = (
				ABB2E67D0733CD44F7F58B2A /* Pods_FindTask.framework in Frameworks */,
			);
			runOnlyForDeploymentPostprocessing = 0;
		};
		7688054F27ADFB8800EB0576 /* Frameworks */ = {
			isa = PBXFrameworksBuildPhase;
			buildActionMask = 2147483647;
			files = (
				64A81EE88A3143DA658EF798 /* Pods_FindTaskTests.framework in Frameworks */,
			);
			runOnlyForDeploymentPostprocessing = 0;
		};
		7688055927ADFB8800EB0576 /* Frameworks */ = {
			isa = PBXFrameworksBuildPhase;
			buildActionMask = 2147483647;
			files = (
				5926A8952965A1D4A8B5DAED /* Pods_FindTask_FindTaskUITests.framework in Frameworks */,
			);
			runOnlyForDeploymentPostprocessing = 0;
		};
/* End PBXFrameworksBuildPhase section */

/* Begin PBXGroup section */
		2280EF534C10B27A03CDF45D /* AmplifyConfig */ = {
			isa = PBXGroup;
			children = (
				B781DF9912E7BEDA9FD35850 /* awsconfiguration.json */,
				053B6B44A9BF73B8F22EF23C /* amplifyconfiguration.json */,
			);
			name = AmplifyConfig;
			sourceTree = "<group>";
		};
		760FB4A927B98E30007CA1A0 /* Screens */ = {
			isa = PBXGroup;
			children = (
				7631907527BFAC9B009FA7C5 /* Start */,
				7631907727BFACB0009FA7C5 /* SignUp */,
				7631907627BFACA5009FA7C5 /* SignIn */,
				7631907927BFACCA009FA7C5 /* OrderRole  */,
			);
			path = Screens;
			sourceTree = "<group>";
		};
		7631907527BFAC9B009FA7C5 /* Start */ = {
			isa = PBXGroup;
			children = (
				76153CC727B92DD4004F22A7 /* WelcomeScreenContentView.swift */,
			);
			path = Start;
			sourceTree = "<group>";
		};
		7631907627BFACA5009FA7C5 /* SignIn */ = {
			isa = PBXGroup;
			children = (
				760FB4A727B98E24007CA1A0 /* LogInView.swift */,
			);
			path = SignIn;
			sourceTree = "<group>";
		};
		7631907727BFACB0009FA7C5 /* SignUp */ = {
			isa = PBXGroup;
			children = (
				761DAAC327BDE0DD00D327BE /* SignUpView.swift */,
				76918A3327BFEE9E0067A3BF /* ConfirmationView.swift */,
			);
			path = SignUp;
			sourceTree = "<group>";
		};
		7631907827BFACC0009FA7C5 /* Home */ = {
			isa = PBXGroup;
			children = (
				768A18DA27C7BD71002EA994 /* ResetPasswordView.swift */,
				76918A3527BFEEFF0067A3BF /* SessionView.swift */,
				7637C18B27C5C32300E05C99 /* BaseView.swift */,
				7637C18D27C5C42E00E05C99 /* SideMenu.swift */,
				7637C18F27C5CD1C00E05C99 /* Home.swift */,
			);
			path = Home;
			sourceTree = "<group>";
		};
		7631907927BFACCA009FA7C5 /* OrderRole  */ = {
			isa = PBXGroup;
			children = (
				768A18D527C6B3CC002EA994 /* Location */,
				76E52D0427C532DF00010346 /* Profile */,
				76E52D0327C5329A00010346 /* Settings */,
				76E52D0127C5326F00010346 /* HelpCenter */,
				76E52CFE27C531CC00010346 /* OrderHistory */,
				7631907827BFACC0009FA7C5 /* Home */,
			);
			path = "OrderRole ";
			sourceTree = "<group>";
		};
		7688053927ADFB8700EB0576 = {
			isa = PBXGroup;
			children = (
				7688054427ADFB8800EB0576 /* FindTask */,
				7688055527ADFB8800EB0576 /* FindTaskTests */,
				7688055F27ADFB8800EB0576 /* FindTaskUITests */,
				7688054327ADFB8800EB0576 /* Products */,
				E4E5642FD18E46408B9E4C22 /* Pods */,
				F97F892880C546E5D4B08E78 /* Frameworks */,
				2280EF534C10B27A03CDF45D /* AmplifyConfig */,
			);
			sourceTree = "<group>";
		};
		7688054327ADFB8800EB0576 /* Products */ = {
			isa = PBXGroup;
			children = (
				7688054227ADFB8800EB0576 /* FindTask.app */,
				7688055227ADFB8800EB0576 /* FindTaskTests.xctest */,
				7688055C27ADFB8800EB0576 /* FindTaskUITests.xctest */,
			);
			name = Products;
			sourceTree = "<group>";
		};
		7688054427ADFB8800EB0576 /* FindTask */ = {
			isa = PBXGroup;
			children = (
				760C513227C06313000087FC /* amplifyconfiguration.json */,
				760C513327C06313000087FC /* awsconfiguration.json */,
				760FB4A927B98E30007CA1A0 /* Screens */,
				7688054527ADFB8800EB0576 /* FindTaskApp.swift */,
				763793D527C97A7000268E64 /* SessionManager.swift */,
				7688054927ADFB8800EB0576 /* Assets.xcassets */,
				7688054B27ADFB8800EB0576 /* Preview Content */,
			);
			path = FindTask;
			sourceTree = "<group>";
		};
		7688054B27ADFB8800EB0576 /* Preview Content */ = {
			isa = PBXGroup;
			children = (
				7688054C27ADFB8800EB0576 /* Preview Assets.xcassets */,
			);
			path = "Preview Content";
			sourceTree = "<group>";
		};
		7688055527ADFB8800EB0576 /* FindTaskTests */ = {
			isa = PBXGroup;
			children = (
				7688055627ADFB8800EB0576 /* FindTaskTests.swift */,
			);
			path = FindTaskTests;
			sourceTree = "<group>";
		};
		7688055F27ADFB8800EB0576 /* FindTaskUITests */ = {
			isa = PBXGroup;
			children = (
				7688056027ADFB8800EB0576 /* FindTaskUITests.swift */,
				7688056227ADFB8800EB0576 /* FindTaskUITestsLaunchTests.swift */,
			);
			path = FindTaskUITests;
			sourceTree = "<group>";
		};
		768A18D527C6B3CC002EA994 /* Location */ = {
			isa = PBXGroup;
			children = (
				768A18D627C6B3D8002EA994 /* LocationView.swift */,
			);
			path = Location;
			sourceTree = "<group>";
		};
		76E52CFE27C531CC00010346 /* OrderHistory */ = {
			isa = PBXGroup;
			children = (
				76E52CFF27C531E200010346 /* OrderHistoryView.swift */,
			);
			path = OrderHistory;
			sourceTree = "<group>";
		};
		76E52D0127C5326F00010346 /* HelpCenter */ = {
			isa = PBXGroup;
			children = (
				76E52D0727C53B2F00010346 /* HelpCenterView.swift */,
				768A18D827C6C4DA002EA994 /* PlacingOrderHelpView.swift */,
			);
			path = HelpCenter;
			sourceTree = "<group>";
		};
		76E52D0327C5329A00010346 /* Settings */ = {
			isa = PBXGroup;
			children = (
				768A18D327C6AD4E002EA994 /* SettingsView.swift */,
			);
			path = Settings;
			sourceTree = "<group>";
		};
		76E52D0427C532DF00010346 /* Profile */ = {
			isa = PBXGroup;
			children = (
				76E52D0527C5330800010346 /* PersonalInfomationView.swift */,
			);
			path = Profile;
			sourceTree = "<group>";
		};
		E4E5642FD18E46408B9E4C22 /* Pods */ = {
			isa = PBXGroup;
			children = (
				3B5F9C52916802B93C035EF8 /* Pods-FindTask.debug.xcconfig */,
				CC77A1D6C65D239B574A1D75 /* Pods-FindTask.release.xcconfig */,
				4A35A5143126FD60290DEE4C /* Pods-FindTask-FindTaskUITests.debug.xcconfig */,
				9C7858F10C98DD1C897F0321 /* Pods-FindTask-FindTaskUITests.release.xcconfig */,
				72E2D2A78C06D65AA46AB624 /* Pods-FindTaskTests.debug.xcconfig */,
				5BFFC3D9CF6DEB5771643756 /* Pods-FindTaskTests.release.xcconfig */,
			);
			path = Pods;
			sourceTree = "<group>";
		};
		F97F892880C546E5D4B08E78 /* Frameworks */ = {
			isa = PBXGroup;
			children = (
				3BB27891DFD3268D9467DCEC /* Pods_FindTask.framework */,
				698AEDE389A865E20321E5FF /* Pods_FindTask_FindTaskUITests.framework */,
				18DB3A1F62D0FE8935F6B3E9 /* Pods_FindTaskTests.framework */,
			);
			name = Frameworks;
			sourceTree = "<group>";
		};
/* End PBXGroup section */

/* Begin PBXNativeTarget section */
		7688054127ADFB8800EB0576 /* FindTask */ = {
			isa = PBXNativeTarget;
			buildConfigurationList = 7688056627ADFB8800EB0576 /* Build configuration list for PBXNativeTarget "FindTask" */;
			buildPhases = (
				6333854129564BB227C76AF9 /* [CP] Check Pods Manifest.lock */,
				7688053E27ADFB8800EB0576 /* Sources */,
				7688053F27ADFB8800EB0576 /* Frameworks */,
				7688054027ADFB8800EB0576 /* Resources */,
				35D23C779B511CF8DF50715D /* [CP] Embed Pods Frameworks */,
			);
			buildRules = (
			);
			dependencies = (
			);
			name = FindTask;
			productName = FindTask;
			productReference = 7688054227ADFB8800EB0576 /* FindTask.app */;
			productType = "com.apple.product-type.application";
		};
		7688055127ADFB8800EB0576 /* FindTaskTests */ = {
			isa = PBXNativeTarget;
			buildConfigurationList = 7688056927ADFB8800EB0576 /* Build configuration list for PBXNativeTarget "FindTaskTests" */;
			buildPhases = (
				63338D2EF722A4E150822956 /* [CP] Check Pods Manifest.lock */,
				7688054E27ADFB8800EB0576 /* Sources */,
				7688054F27ADFB8800EB0576 /* Frameworks */,
				7688055027ADFB8800EB0576 /* Resources */,
			);
			buildRules = (
			);
			dependencies = (
				7688055427ADFB8800EB0576 /* PBXTargetDependency */,
			);
			name = FindTaskTests;
			productName = FindTaskTests;
			productReference = 7688055227ADFB8800EB0576 /* FindTaskTests.xctest */;
			productType = "com.apple.product-type.bundle.unit-test";
		};
		7688055B27ADFB8800EB0576 /* FindTaskUITests */ = {
			isa = PBXNativeTarget;
			buildConfigurationList = 7688056C27ADFB8800EB0576 /* Build configuration list for PBXNativeTarget "FindTaskUITests" */;
			buildPhases = (
				2306B1F1509611DA2A876ADB /* [CP] Check Pods Manifest.lock */,
				7688055827ADFB8800EB0576 /* Sources */,
				7688055927ADFB8800EB0576 /* Frameworks */,
				7688055A27ADFB8800EB0576 /* Resources */,
				4C8DDEFB5464CEBF98A8E83B /* [CP] Embed Pods Frameworks */,
			);
			buildRules = (
			);
			dependencies = (
				7688055E27ADFB8800EB0576 /* PBXTargetDependency */,
			);
			name = FindTaskUITests;
			productName = FindTaskUITests;
			productReference = 7688055C27ADFB8800EB0576 /* FindTaskUITests.xctest */;
			productType = "com.apple.product-type.bundle.ui-testing";
		};
/* End PBXNativeTarget section */

/* Begin PBXProject section */
		7688053A27ADFB8700EB0576 /* Project object */ = {
			isa = PBXProject;
			attributes = {
				BuildIndependentTargetsInParallel = 1;
				LastSwiftUpdateCheck = 1320;
				LastUpgradeCheck = 1320;
				TargetAttributes = {
					7688054127ADFB8800EB0576 = {
						CreatedOnToolsVersion = 13.2.1;
					};
					7688055127ADFB8800EB0576 = {
						CreatedOnToolsVersion = 13.2.1;
						TestTargetID = 7688054127ADFB8800EB0576;
					};
					7688055B27ADFB8800EB0576 = {
						CreatedOnToolsVersion = 13.2.1;
						TestTargetID = 7688054127ADFB8800EB0576;
					};
				};
			};
			buildConfigurationList = 7688053D27ADFB8700EB0576 /* Build configuration list for PBXProject "FindTask" */;
			compatibilityVersion = "Xcode 13.0";
			developmentRegion = en;
			hasScannedForEncodings = 0;
			knownRegions = (
				en,
				Base,
			);
			mainGroup = 7688053927ADFB8700EB0576;
			productRefGroup = 7688054327ADFB8800EB0576 /* Products */;
			projectDirPath = "";
			projectRoot = "";
			targets = (
				7688054127ADFB8800EB0576 /* FindTask */,
				7688055127ADFB8800EB0576 /* FindTaskTests */,
				7688055B27ADFB8800EB0576 /* FindTaskUITests */,
			);
		};
/* End PBXProject section */

/* Begin PBXResourcesBuildPhase section */
		7688054027ADFB8800EB0576 /* Resources */ = {
			isa = PBXResourcesBuildPhase;
			buildActionMask = 2147483647;
			files = (
				7688054D27ADFB8800EB0576 /* Preview Assets.xcassets in Resources */,
				7688054A27ADFB8800EB0576 /* Assets.xcassets in Resources */,
				760C513527C06313000087FC /* awsconfiguration.json in Resources */,
				760C513427C06313000087FC /* amplifyconfiguration.json in Resources */,
				440535AF19F3BA4E5BCFF18C /* awsconfiguration.json in Resources */,
				61C49CC03C73585EC4998E14 /* amplifyconfiguration.json in Resources */,
			);
			runOnlyForDeploymentPostprocessing = 0;
		};
		7688055027ADFB8800EB0576 /* Resources */ = {
			isa = PBXResourcesBuildPhase;
			buildActionMask = 2147483647;
			files = (
			);
			runOnlyForDeploymentPostprocessing = 0;
		};
		7688055A27ADFB8800EB0576 /* Resources */ = {
			isa = PBXResourcesBuildPhase;
			buildActionMask = 2147483647;
			files = (
			);
			runOnlyForDeploymentPostprocessing = 0;
		};
/* End PBXResourcesBuildPhase section */

/* Begin PBXShellScriptBuildPhase section */
		2306B1F1509611DA2A876ADB /* [CP] Check Pods Manifest.lock */ = {
			isa = PBXShellScriptBuildPhase;
			buildActionMask = 2147483647;
			files = (
			);
			inputFileListPaths = (
			);
			inputPaths = (
				"${PODS_PODFILE_DIR_PATH}/Podfile.lock",
				"${PODS_ROOT}/Manifest.lock",
			);
			name = "[CP] Check Pods Manifest.lock";
			outputFileListPaths = (
			);
			outputPaths = (
				"$(DERIVED_FILE_DIR)/Pods-FindTask-FindTaskUITests-checkManifestLockResult.txt",
			);
			runOnlyForDeploymentPostprocessing = 0;
			shellPath = /bin/sh;
			shellScript = "diff \"${PODS_PODFILE_DIR_PATH}/Podfile.lock\" \"${PODS_ROOT}/Manifest.lock\" > /dev/null\nif [ $? != 0 ] ; then\n    # print error to STDERR\n    echo \"error: The sandbox is not in sync with the Podfile.lock. Run 'pod install' or update your CocoaPods installation.\" >&2\n    exit 1\nfi\n# This output is used by Xcode 'outputs' to avoid re-running this script phase.\necho \"SUCCESS\" > \"${SCRIPT_OUTPUT_FILE_0}\"\n";
			showEnvVarsInLog = 0;
		};
		35D23C779B511CF8DF50715D /* [CP] Embed Pods Frameworks */ = {
			isa = PBXShellScriptBuildPhase;
			buildActionMask = 2147483647;
			files = (
			);
			inputFileListPaths = (
				"${PODS_ROOT}/Target Support Files/Pods-FindTask/Pods-FindTask-frameworks-${CONFIGURATION}-input-files.xcfilelist",
			);
			inputPaths = (
			);
			name = "[CP] Embed Pods Frameworks";
			outputFileListPaths = (
				"${PODS_ROOT}/Target Support Files/Pods-FindTask/Pods-FindTask-frameworks-${CONFIGURATION}-output-files.xcfilelist",
			);
			outputPaths = (
			);
			runOnlyForDeploymentPostprocessing = 0;
			shellPath = /bin/sh;
			shellScript = "\"${PODS_ROOT}/Target Support Files/Pods-FindTask/Pods-FindTask-frameworks.sh\"\n";
			showEnvVarsInLog = 0;
		};
		4C8DDEFB5464CEBF98A8E83B /* [CP] Embed Pods Frameworks */ = {
			isa = PBXShellScriptBuildPhase;
			buildActionMask = 2147483647;
			files = (
			);
			inputFileListPaths = (
				"${PODS_ROOT}/Target Support Files/Pods-FindTask-FindTaskUITests/Pods-FindTask-FindTaskUITests-frameworks-${CONFIGURATION}-input-files.xcfilelist",
			);
			inputPaths = (
			);
			name = "[CP] Embed Pods Frameworks";
			outputFileListPaths = (
				"${PODS_ROOT}/Target Support Files/Pods-FindTask-FindTaskUITests/Pods-FindTask-FindTaskUITests-frameworks-${CONFIGURATION}-output-files.xcfilelist",
			);
			outputPaths = (
			);
			runOnlyForDeploymentPostprocessing = 0;
			shellPath = /bin/sh;
			shellScript = "\"${PODS_ROOT}/Target Support Files/Pods-FindTask-FindTaskUITests/Pods-FindTask-FindTaskUITests-frameworks.sh\"\n";
			showEnvVarsInLog = 0;
		};
		6333854129564BB227C76AF9 /* [CP] Check Pods Manifest.lock */ = {
			isa = PBXShellScriptBuildPhase;
			buildActionMask = 2147483647;
			files = (
			);
			inputFileListPaths = (
			);
			inputPaths = (
				"${PODS_PODFILE_DIR_PATH}/Podfile.lock",
				"${PODS_ROOT}/Manifest.lock",
			);
			name = "[CP] Check Pods Manifest.lock";
			outputFileListPaths = (
			);
			outputPaths = (
				"$(DERIVED_FILE_DIR)/Pods-FindTask-checkManifestLockResult.txt",
			);
			runOnlyForDeploymentPostprocessing = 0;
			shellPath = /bin/sh;
			shellScript = "diff \"${PODS_PODFILE_DIR_PATH}/Podfile.lock\" \"${PODS_ROOT}/Manifest.lock\" > /dev/null\nif [ $? != 0 ] ; then\n    # print error to STDERR\n    echo \"error: The sandbox is not in sync with the Podfile.lock. Run 'pod install' or update your CocoaPods installation.\" >&2\n    exit 1\nfi\n# This output is used by Xcode 'outputs' to avoid re-running this script phase.\necho \"SUCCESS\" > \"${SCRIPT_OUTPUT_FILE_0}\"\n";
			showEnvVarsInLog = 0;
		};
		63338D2EF722A4E150822956 /* [CP] Check Pods Manifest.lock */ = {
			isa = PBXShellScriptBuildPhase;
			buildActionMask = 2147483647;
			files = (
			);
			inputFileListPaths = (
			);
			inputPaths = (
				"${PODS_PODFILE_DIR_PATH}/Podfile.lock",
				"${PODS_ROOT}/Manifest.lock",
			);
			name = "[CP] Check Pods Manifest.lock";
			outputFileListPaths = (
			);
			outputPaths = (
				"$(DERIVED_FILE_DIR)/Pods-FindTaskTests-checkManifestLockResult.txt",
			);
			runOnlyForDeploymentPostprocessing = 0;
			shellPath = /bin/sh;
			shellScript = "diff \"${PODS_PODFILE_DIR_PATH}/Podfile.lock\" \"${PODS_ROOT}/Manifest.lock\" > /dev/null\nif [ $? != 0 ] ; then\n    # print error to STDERR\n    echo \"error: The sandbox is not in sync with the Podfile.lock. Run 'pod install' or update your CocoaPods installation.\" >&2\n    exit 1\nfi\n# This output is used by Xcode 'outputs' to avoid re-running this script phase.\necho \"SUCCESS\" > \"${SCRIPT_OUTPUT_FILE_0}\"\n";
			showEnvVarsInLog = 0;
		};
/* End PBXShellScriptBuildPhase section */

/* Begin PBXSourcesBuildPhase section */
		7688053E27ADFB8800EB0576 /* Sources */ = {
			isa = PBXSourcesBuildPhase;
			buildActionMask = 2147483647;
			files = (
				761DAAC427BDE0DD00D327BE /* SignUpView.swift in Sources */,
				760FB4A827B98E24007CA1A0 /* LogInView.swift in Sources */,
				763793D627C97A7000268E64 /* SessionManager.swift in Sources */,
				76E52D0827C53B2F00010346 /* HelpCenterView.swift in Sources */,
				768A18D927C6C4DA002EA994 /* PlacingOrderHelpView.swift in Sources */,
				7637C18E27C5C42E00E05C99 /* SideMenu.swift in Sources */,
				76E52D0627C5330800010346 /* PersonalInfomationView.swift in Sources */,
				76E52D0027C531E200010346 /* OrderHistoryView.swift in Sources */,
				7637C19027C5CD1C00E05C99 /* Home.swift in Sources */,
				768A18D727C6B3D8002EA994 /* LocationView.swift in Sources */,
				768A18D427C6AD4E002EA994 /* SettingsView.swift in Sources */,
				76918A3427BFEE9E0067A3BF /* ConfirmationView.swift in Sources */,
				76918A3627BFEEFF0067A3BF /* SessionView.swift in Sources */,
				76153CC827B92DD4004F22A7 /* WelcomeScreenContentView.swift in Sources */,
				7637C18C27C5C32300E05C99 /* BaseView.swift in Sources */,
				7688054627ADFB8800EB0576 /* FindTaskApp.swift in Sources */,
				768A18DB27C7BD71002EA994 /* ResetPasswordView.swift in Sources */,
			);
			runOnlyForDeploymentPostprocessing = 0;
		};
		7688054E27ADFB8800EB0576 /* Sources */ = {
			isa = PBXSourcesBuildPhase;
			buildActionMask = 2147483647;
			files = (
				7688055727ADFB8800EB0576 /* FindTaskTests.swift in Sources */,
			);
			runOnlyForDeploymentPostprocessing = 0;
		};
		7688055827ADFB8800EB0576 /* Sources */ = {
			isa = PBXSourcesBuildPhase;
			buildActionMask = 2147483647;
			files = (
				7688056327ADFB8800EB0576 /* FindTaskUITestsLaunchTests.swift in Sources */,
				7688056127ADFB8800EB0576 /* FindTaskUITests.swift in Sources */,
			);
			runOnlyForDeploymentPostprocessing = 0;
		};
/* End PBXSourcesBuildPhase section */

/* Begin PBXTargetDependency section */
		7688055427ADFB8800EB0576 /* PBXTargetDependency */ = {
			isa = PBXTargetDependency;
			target = 7688054127ADFB8800EB0576 /* FindTask */;
			targetProxy = 7688055327ADFB8800EB0576 /* PBXContainerItemProxy */;
		};
		7688055E27ADFB8800EB0576 /* PBXTargetDependency */ = {
			isa = PBXTargetDependency;
			target = 7688054127ADFB8800EB0576 /* FindTask */;
			targetProxy = 7688055D27ADFB8800EB0576 /* PBXContainerItemProxy */;
		};
/* End PBXTargetDependency section */

/* Begin XCBuildConfiguration section */
		7688056427ADFB8800EB0576 /* Debug */ = {
			isa = XCBuildConfiguration;
			buildSettings = {
				ALWAYS_SEARCH_USER_PATHS = NO;
				CLANG_ANALYZER_NONNULL = YES;
				CLANG_ANALYZER_NUMBER_OBJECT_CONVERSION = YES_AGGRESSIVE;
				CLANG_CXX_LANGUAGE_STANDARD = "gnu++17";
				CLANG_CXX_LIBRARY = "libc++";
				CLANG_ENABLE_MODULES = YES;
				CLANG_ENABLE_OBJC_ARC = YES;
				CLANG_ENABLE_OBJC_WEAK = YES;
				CLANG_WARN_BLOCK_CAPTURE_AUTORELEASING = YES;
				CLANG_WARN_BOOL_CONVERSION = YES;
				CLANG_WARN_COMMA = YES;
				CLANG_WARN_CONSTANT_CONVERSION = YES;
				CLANG_WARN_DEPRECATED_OBJC_IMPLEMENTATIONS = YES;
				CLANG_WARN_DIRECT_OBJC_ISA_USAGE = YES_ERROR;
				CLANG_WARN_DOCUMENTATION_COMMENTS = YES;
				CLANG_WARN_EMPTY_BODY = YES;
				CLANG_WARN_ENUM_CONVERSION = YES;
				CLANG_WARN_INFINITE_RECURSION = YES;
				CLANG_WARN_INT_CONVERSION = YES;
				CLANG_WARN_NON_LITERAL_NULL_CONVERSION = YES;
				CLANG_WARN_OBJC_IMPLICIT_RETAIN_SELF = YES;
				CLANG_WARN_OBJC_LITERAL_CONVERSION = YES;
				CLANG_WARN_OBJC_ROOT_CLASS = YES_ERROR;
				CLANG_WARN_QUOTED_INCLUDE_IN_FRAMEWORK_HEADER = YES;
				CLANG_WARN_RANGE_LOOP_ANALYSIS = YES;
				CLANG_WARN_STRICT_PROTOTYPES = YES;
				CLANG_WARN_SUSPICIOUS_MOVE = YES;
				CLANG_WARN_UNGUARDED_AVAILABILITY = YES_AGGRESSIVE;
				CLANG_WARN_UNREACHABLE_CODE = YES;
				CLANG_WARN__DUPLICATE_METHOD_MATCH = YES;
				COPY_PHASE_STRIP = NO;
				DEBUG_INFORMATION_FORMAT = dwarf;
				ENABLE_STRICT_OBJC_MSGSEND = YES;
				ENABLE_TESTABILITY = YES;
				GCC_C_LANGUAGE_STANDARD = gnu11;
				GCC_DYNAMIC_NO_PIC = NO;
				GCC_NO_COMMON_BLOCKS = YES;
				GCC_OPTIMIZATION_LEVEL = 0;
				GCC_PREPROCESSOR_DEFINITIONS = (
					"DEBUG=1",
					"$(inherited)",
				);
				GCC_WARN_64_TO_32_BIT_CONVERSION = YES;
				GCC_WARN_ABOUT_RETURN_TYPE = YES_ERROR;
				GCC_WARN_UNDECLARED_SELECTOR = YES;
				GCC_WARN_UNINITIALIZED_AUTOS = YES_AGGRESSIVE;
				GCC_WARN_UNUSED_FUNCTION = YES;
				GCC_WARN_UNUSED_VARIABLE = YES;
				IPHONEOS_DEPLOYMENT_TARGET = 15.2;
				MTL_ENABLE_DEBUG_INFO = INCLUDE_SOURCE;
				MTL_FAST_MATH = YES;
				ONLY_ACTIVE_ARCH = YES;
				SDKROOT = iphoneos;
				SWIFT_ACTIVE_COMPILATION_CONDITIONS = DEBUG;
				SWIFT_OPTIMIZATION_LEVEL = "-Onone";
			};
			name = Debug;
		};
		7688056527ADFB8800EB0576 /* Release */ = {
			isa = XCBuildConfiguration;
			buildSettings = {
				ALWAYS_SEARCH_USER_PATHS = NO;
				CLANG_ANALYZER_NONNULL = YES;
				CLANG_ANALYZER_NUMBER_OBJECT_CONVERSION = YES_AGGRESSIVE;
				CLANG_CXX_LANGUAGE_STANDARD = "gnu++17";
				CLANG_CXX_LIBRARY = "libc++";
				CLANG_ENABLE_MODULES = YES;
				CLANG_ENABLE_OBJC_ARC = YES;
				CLANG_ENABLE_OBJC_WEAK = YES;
				CLANG_WARN_BLOCK_CAPTURE_AUTORELEASING = YES;
				CLANG_WARN_BOOL_CONVERSION = YES;
				CLANG_WARN_COMMA = YES;
				CLANG_WARN_CONSTANT_CONVERSION = YES;
				CLANG_WARN_DEPRECATED_OBJC_IMPLEMENTATIONS = YES;
				CLANG_WARN_DIRECT_OBJC_ISA_USAGE = YES_ERROR;
				CLANG_WARN_DOCUMENTATION_COMMENTS = YES;
				CLANG_WARN_EMPTY_BODY = YES;
				CLANG_WARN_ENUM_CONVERSION = YES;
				CLANG_WARN_INFINITE_RECURSION = YES;
				CLANG_WARN_INT_CONVERSION = YES;
				CLANG_WARN_NON_LITERAL_NULL_CONVERSION = YES;
				CLANG_WARN_OBJC_IMPLICIT_RETAIN_SELF = YES;
				CLANG_WARN_OBJC_LITERAL_CONVERSION = YES;
				CLANG_WARN_OBJC_ROOT_CLASS = YES_ERROR;
				CLANG_WARN_QUOTED_INCLUDE_IN_FRAMEWORK_HEADER = YES;
				CLANG_WARN_RANGE_LOOP_ANALYSIS = YES;
				CLANG_WARN_STRICT_PROTOTYPES = YES;
				CLANG_WARN_SUSPICIOUS_MOVE = YES;
				CLANG_WARN_UNGUARDED_AVAILABILITY = YES_AGGRESSIVE;
				CLANG_WARN_UNREACHABLE_CODE = YES;
				CLANG_WARN__DUPLICATE_METHOD_MATCH = YES;
				COPY_PHASE_STRIP = NO;
				DEBUG_INFORMATION_FORMAT = "dwarf-with-dsym";
				ENABLE_NS_ASSERTIONS = NO;
				ENABLE_STRICT_OBJC_MSGSEND = YES;
				GCC_C_LANGUAGE_STANDARD = gnu11;
				GCC_NO_COMMON_BLOCKS = YES;
				GCC_WARN_64_TO_32_BIT_CONVERSION = YES;
				GCC_WARN_ABOUT_RETURN_TYPE = YES_ERROR;
				GCC_WARN_UNDECLARED_SELECTOR = YES;
				GCC_WARN_UNINITIALIZED_AUTOS = YES_AGGRESSIVE;
				GCC_WARN_UNUSED_FUNCTION = YES;
				GCC_WARN_UNUSED_VARIABLE = YES;
				IPHONEOS_DEPLOYMENT_TARGET = 15.2;
				MTL_ENABLE_DEBUG_INFO = NO;
				MTL_FAST_MATH = YES;
				SDKROOT = iphoneos;
				SWIFT_COMPILATION_MODE = wholemodule;
				SWIFT_OPTIMIZATION_LEVEL = "-O";
				VALIDATE_PRODUCT = YES;
			};
			name = Release;
		};
		7688056727ADFB8800EB0576 /* Debug */ = {
			isa = XCBuildConfiguration;
			baseConfigurationReference = 3B5F9C52916802B93C035EF8 /* Pods-FindTask.debug.xcconfig */;
			buildSettings = {
				ASSETCATALOG_COMPILER_APPICON_NAME = AppIcon;
				ASSETCATALOG_COMPILER_GLOBAL_ACCENT_COLOR_NAME = AccentColor;
				CODE_SIGN_IDENTITY = "Apple Development";
				CODE_SIGN_STYLE = Automatic;
				CURRENT_PROJECT_VERSION = 1;
				DEVELOPMENT_ASSET_PATHS = "\"FindTask/Preview Content\"";
				DEVELOPMENT_TEAM = 5V4PCVF8KM;
				ENABLE_PREVIEWS = YES;
				GENERATE_INFOPLIST_FILE = YES;
				INFOPLIST_KEY_UIApplicationSceneManifest_Generation = YES;
				INFOPLIST_KEY_UIApplicationSupportsIndirectInputEvents = YES;
				INFOPLIST_KEY_UILaunchScreen_Generation = YES;
				INFOPLIST_KEY_UISupportedInterfaceOrientations_iPad = "UIInterfaceOrientationPortrait UIInterfaceOrientationPortraitUpsideDown UIInterfaceOrientationLandscapeLeft UIInterfaceOrientationLandscapeRight";
				INFOPLIST_KEY_UISupportedInterfaceOrientations_iPhone = "UIInterfaceOrientationPortrait UIInterfaceOrientationLandscapeLeft UIInterfaceOrientationLandscapeRight";
				IPHONEOS_DEPLOYMENT_TARGET = 14.5;
				LD_RUNPATH_SEARCH_PATHS = (
					"$(inherited)",
					"@executable_path/Frameworks",
				);
				MARKETING_VERSION = 1.0;
				PRODUCT_BUNDLE_IDENTIFIER = com.dixonchu.FindTask;
				PRODUCT_NAME = "$(TARGET_NAME)";
				PROVISIONING_PROFILE_SPECIFIER = "";
				SWIFT_EMIT_LOC_STRINGS = YES;
				SWIFT_VERSION = 5.0;
				TARGETED_DEVICE_FAMILY = 1;
			};
			name = Debug;
		};
		7688056827ADFB8800EB0576 /* Release */ = {
			isa = XCBuildConfiguration;
			baseConfigurationReference = CC77A1D6C65D239B574A1D75 /* Pods-FindTask.release.xcconfig */;
			buildSettings = {
				ASSETCATALOG_COMPILER_APPICON_NAME = AppIcon;
				ASSETCATALOG_COMPILER_GLOBAL_ACCENT_COLOR_NAME = AccentColor;
				CODE_SIGN_IDENTITY = "Apple Development";
				CODE_SIGN_STYLE = Automatic;
				CURRENT_PROJECT_VERSION = 1;
				DEVELOPMENT_ASSET_PATHS = "\"FindTask/Preview Content\"";
				DEVELOPMENT_TEAM = 5V4PCVF8KM;
				ENABLE_PREVIEWS = YES;
				GENERATE_INFOPLIST_FILE = YES;
				INFOPLIST_KEY_UIApplicationSceneManifest_Generation = YES;
				INFOPLIST_KEY_UIApplicationSupportsIndirectInputEvents = YES;
				INFOPLIST_KEY_UILaunchScreen_Generation = YES;
				INFOPLIST_KEY_UISupportedInterfaceOrientations_iPad = "UIInterfaceOrientationPortrait UIInterfaceOrientationPortraitUpsideDown UIInterfaceOrientationLandscapeLeft UIInterfaceOrientationLandscapeRight";
				INFOPLIST_KEY_UISupportedInterfaceOrientations_iPhone = "UIInterfaceOrientationPortrait UIInterfaceOrientationLandscapeLeft UIInterfaceOrientationLandscapeRight";
				IPHONEOS_DEPLOYMENT_TARGET = 14.5;
				LD_RUNPATH_SEARCH_PATHS = (
					"$(inherited)",
					"@executable_path/Frameworks",
				);
				MARKETING_VERSION = 1.0;
				PRODUCT_BUNDLE_IDENTIFIER = com.dixonchu.FindTask;
				PRODUCT_NAME = "$(TARGET_NAME)";
				PROVISIONING_PROFILE_SPECIFIER = "";
				SWIFT_EMIT_LOC_STRINGS = YES;
				SWIFT_VERSION = 5.0;
				TARGETED_DEVICE_FAMILY = 1;
			};
			name = Release;
		};
		7688056A27ADFB8800EB0576 /* Debug */ = {
			isa = XCBuildConfiguration;
			baseConfigurationReference = 72E2D2A78C06D65AA46AB624 /* Pods-FindTaskTests.debug.xcconfig */;
			buildSettings = {
				ALWAYS_EMBED_SWIFT_STANDARD_LIBRARIES = YES;
				BUNDLE_LOADER = "$(TEST_HOST)";
				CODE_SIGN_STYLE = Automatic;
				CURRENT_PROJECT_VERSION = 1;
				DEVELOPMENT_TEAM = 5V4PCVF8KM;
				GENERATE_INFOPLIST_FILE = YES;
				IPHONEOS_DEPLOYMENT_TARGET = 15.2;
				MARKETING_VERSION = 1.0;
				PRODUCT_BUNDLE_IDENTIFIER = com.dixonchu.FindTaskTests;
				PRODUCT_NAME = "$(TARGET_NAME)";
				SWIFT_EMIT_LOC_STRINGS = NO;
				SWIFT_VERSION = 5.0;
				TARGETED_DEVICE_FAMILY = "1,2";
				TEST_HOST = "$(BUILT_PRODUCTS_DIR)/FindTask.app/FindTask";
			};
			name = Debug;
		};
		7688056B27ADFB8800EB0576 /* Release */ = {
			isa = XCBuildConfiguration;
			baseConfigurationReference = 5BFFC3D9CF6DEB5771643756 /* Pods-FindTaskTests.release.xcconfig */;
			buildSettings = {
				ALWAYS_EMBED_SWIFT_STANDARD_LIBRARIES = YES;
				BUNDLE_LOADER = "$(TEST_HOST)";
				CODE_SIGN_STYLE = Automatic;
				CURRENT_PROJECT_VERSION = 1;
				DEVELOPMENT_TEAM = 5V4PCVF8KM;
				GENERATE_INFOPLIST_FILE = YES;
				IPHONEOS_DEPLOYMENT_TARGET = 15.2;
				MARKETING_VERSION = 1.0;
				PRODUCT_BUNDLE_IDENTIFIER = com.dixonchu.FindTaskTests;
				PRODUCT_NAME = "$(TARGET_NAME)";
				SWIFT_EMIT_LOC_STRINGS = NO;
				SWIFT_VERSION = 5.0;
				TARGETED_DEVICE_FAMILY = "1,2";
				TEST_HOST = "$(BUILT_PRODUCTS_DIR)/FindTask.app/FindTask";
			};
			name = Release;
		};
		7688056D27ADFB8800EB0576 /* Debug */ = {
			isa = XCBuildConfiguration;
			baseConfigurationReference = 4A35A5143126FD60290DEE4C /* Pods-FindTask-FindTaskUITests.debug.xcconfig */;
			buildSettings = {
				ALWAYS_EMBED_SWIFT_STANDARD_LIBRARIES = YES;
				CODE_SIGN_STYLE = Automatic;
				CURRENT_PROJECT_VERSION = 1;
				DEVELOPMENT_TEAM = 5V4PCVF8KM;
				GENERATE_INFOPLIST_FILE = YES;
				MARKETING_VERSION = 1.0;
				PRODUCT_BUNDLE_IDENTIFIER = com.dixonchu.FindTaskUITests;
				PRODUCT_NAME = "$(TARGET_NAME)";
				SWIFT_EMIT_LOC_STRINGS = NO;
				SWIFT_VERSION = 5.0;
				TARGETED_DEVICE_FAMILY = "1,2";
				TEST_TARGET_NAME = FindTask;
			};
			name = Debug;
		};
		7688056E27ADFB8800EB0576 /* Release */ = {
			isa = XCBuildConfiguration;
			baseConfigurationReference = 9C7858F10C98DD1C897F0321 /* Pods-FindTask-FindTaskUITests.release.xcconfig */;
			buildSettings = {
				ALWAYS_EMBED_SWIFT_STANDARD_LIBRARIES = YES;
				CODE_SIGN_STYLE = Automatic;
				CURRENT_PROJECT_VERSION = 1;
				DEVELOPMENT_TEAM = 5V4PCVF8KM;
				GENERATE_INFOPLIST_FILE = YES;
				MARKETING_VERSION = 1.0;
				PRODUCT_BUNDLE_IDENTIFIER = com.dixonchu.FindTaskUITests;
				PRODUCT_NAME = "$(TARGET_NAME)";
				SWIFT_EMIT_LOC_STRINGS = NO;
				SWIFT_VERSION = 5.0;
				TARGETED_DEVICE_FAMILY = "1,2";
				TEST_TARGET_NAME = FindTask;
			};
			name = Release;
		};
/* End XCBuildConfiguration section */

/* Begin XCConfigurationList section */
		7688053D27ADFB8700EB0576 /* Build configuration list for PBXProject "FindTask" */ = {
			isa = XCConfigurationList;
			buildConfigurations = (
				7688056427ADFB8800EB0576 /* Debug */,
				7688056527ADFB8800EB0576 /* Release */,
			);
			defaultConfigurationIsVisible = 0;
			defaultConfigurationName = Release;
		};
		7688056627ADFB8800EB0576 /* Build configuration list for PBXNativeTarget "FindTask" */ = {
			isa = XCConfigurationList;
			buildConfigurations = (
				7688056727ADFB8800EB0576 /* Debug */,
				7688056827ADFB8800EB0576 /* Release */,
			);
			defaultConfigurationIsVisible = 0;
			defaultConfigurationName = Release;
		};
		7688056927ADFB8800EB0576 /* Build configuration list for PBXNativeTarget "FindTaskTests" */ = {
			isa = XCConfigurationList;
			buildConfigurations = (
				7688056A27ADFB8800EB0576 /* Debug */,
				7688056B27ADFB8800EB0576 /* Release */,
			);
			defaultConfigurationIsVisible = 0;
			defaultConfigurationName = Release;
		};
		7688056C27ADFB8800EB0576 /* Build configuration list for PBXNativeTarget "FindTaskUITests" */ = {
			isa = XCConfigurationList;
			buildConfigurations = (
				7688056D27ADFB8800EB0576 /* Debug */,
				7688056E27ADFB8800EB0576 /* Release */,
			);
			defaultConfigurationIsVisible = 0;
			defaultConfigurationName = Release;
		};
/* End XCConfigurationList section */
	};
	rootObject = 7688053A27ADFB8700EB0576 /* Project object */;
}
