// !$*UTF8*$!
{
	archiveVersion = 1;
	classes = {
	};
	objectVersion = 55;
	objects = {

/* Begin PBXBuildFile section */
		7688054627ADFB8800EB0576 /* FindTaskApp.swift in Sources */ = {isa = PBXBuildFile; fileRef = 7688054527ADFB8800EB0576 /* FindTaskApp.swift */; };
		7688054827ADFB8800EB0576 /* ContentView.swift in Sources */ = {isa = PBXBuildFile; fileRef = 7688054727ADFB8800EB0576 /* ContentView.swift */; };
		7688054A27ADFB8800EB0576 /* Assets.xcassets in Resources */ = {isa = PBXBuildFile; fileRef = 7688054927ADFB8800EB0576 /* Assets.xcassets */; };
		7688054D27ADFB8800EB0576 /* Preview Assets.xcassets in Resources */ = {isa = PBXBuildFile; fileRef = 7688054C27ADFB8800EB0576 /* Preview Assets.xcassets */; };
		7688055727ADFB8800EB0576 /* FindTaskTests.swift in Sources */ = {isa = PBXBuildFile; fileRef = 7688055627ADFB8800EB0576 /* FindTaskTests.swift */; };
		7688056127ADFB8800EB0576 /* FindTaskUITests.swift in Sources */ = {isa = PBXBuildFile; fileRef = 7688056027ADFB8800EB0576 /* FindTaskUITests.swift */; };
		7688056327ADFB8800EB0576 /* FindTaskUITestsLaunchTests.swift in Sources */ = {isa = PBXBuildFile; fileRef = 7688056227ADFB8800EB0576 /* FindTaskUITestsLaunchTests.swift */; };
/* End PBXBuildFile section */

/* Begin PBXContainerItemProxy section */
		7688055327ADFB8800EB0576 /* PBXContainerItemProxy */ = {
			isa = PBXContainerItemProxy;
			containerPortal = 7688053A27ADFB8700EB0576 /* Project object */;
			proxyType = 1;
			remoteGlobalIDString = 7688054127ADFB8800EB0576;
			remoteInfo = FindTask;
		};
		7688055D27ADFB8800EB0576 /* PBXContainerItemProxy */ = {
			isa = PBXContainerItemProxy;
			containerPortal = 7688053A27ADFB8700EB0576 /* Project object */;
			proxyType = 1;
			remoteGlobalIDString = 7688054127ADFB8800EB0576;
			remoteInfo = FindTask;
		};
/* End PBXContainerItemProxy section */

/* Begin PBXFileReference section */
		7688054227ADFB8800EB0576 /* FindTask.app */ = {isa = PBXFileReference; explicitFileType = wrapper.application; includeInIndex = 0; path = FindTask.app; sourceTree = BUILT_PRODUCTS_DIR; };
		7688054527ADFB8800EB0576 /* FindTaskApp.swift */ = {isa = PBXFileReference; lastKnownFileType = sourcecode.swift; path = FindTaskApp.swift; sourceTree = "<group>"; };
		7688054727ADFB8800EB0576 /* ContentView.swift */ = {isa = PBXFileReference; lastKnownFileType = sourcecode.swift; path = ContentView.swift; sourceTree = "<group>"; };
		7688054927ADFB8800EB0576 /* Assets.xcassets */ = {isa = PBXFileReference; lastKnownFileType = folder.assetcatalog; path = Assets.xcassets; sourceTree = "<group>"; };
		7688054C27ADFB8800EB0576 /* Preview Assets.xcassets */ = {isa = PBXFileReference; lastKnownFileType = folder.assetcatalog; path = "Preview Assets.xcassets"; sourceTree = "<group>"; };
		7688055227ADFB8800EB0576 /* FindTaskTests.xctest */ = {isa = PBXFileReference; explicitFileType = wrapper.cfbundle; includeInIndex = 0; path = FindTaskTests.xctest; sourceTree = BUILT_PRODUCTS_DIR; };
		7688055627ADFB8800EB0576 /* FindTaskTests.swift */ = {isa = PBXFileReference; lastKnownFileType = sourcecode.swift; path = FindTaskTests.swift; sourceTree = "<group>"; };
		7688055C27ADFB8800EB0576 /* FindTaskUITests.xctest */ = {isa = PBXFileReference; explicitFileType = wrapper.cfbundle; includeInIndex = 0; path = FindTaskUITests.xctest; sourceTree = BUILT_PRODUCTS_DIR; };
		7688056027ADFB8800EB0576 /* FindTaskUITests.swift */ = {isa = PBXFileReference; lastKnownFileType = sourcecode.swift; path = FindTaskUITests.swift; sourceTree = "<group>"; };
		7688056227ADFB8800EB0576 /* FindTaskUITestsLaunchTests.swift */ = {isa = PBXFileReference; lastKnownFileType = sourcecode.swift; path = FindTaskUITestsLaunchTests.swift; sourceTree = "<group>"; };
/* End PBXFileReference section */

/* Begin PBXFrameworksBuildPhase section */
		7688053F27ADFB8800EB0576 /* Frameworks */ = {
			isa = PBXFrameworksBuildPhase;
			buildActionMask = 2147483647;
			files = (
			);
			runOnlyForDeploymentPostprocessing = 0;
		};
		7688054F27ADFB8800EB0576 /* Frameworks */ = {
			isa = PBXFrameworksBuildPhase;
			buildActionMask = 2147483647;
			files = (
			);
			runOnlyForDeploymentPostprocessing = 0;
		};
		7688055927ADFB8800EB0576 /* Frameworks */ = {
			isa = PBXFrameworksBuildPhase;
			buildActionMask = 2147483647;
			files = (
			);
			runOnlyForDeploymentPostprocessing = 0;
		};
/* End PBXFrameworksBuildPhase section */

/* Begin PBXGroup section */
		7688053927ADFB8700EB0576 = {
			isa = PBXGroup;
			children = (
				7688054427ADFB8800EB0576 /* FindTask */,
				7688055527ADFB8800EB0576 /* FindTaskTests */,
				7688055F27ADFB8800EB0576 /* FindTaskUITests */,
				7688054327ADFB8800EB0576 /* Products */,
			);
			sourceTree = "<group>";
		};
		7688054327ADFB8800EB0576 /* Products */ = {
			isa = PBXGroup;
			children = (
				7688054227ADFB8800EB0576 /* FindTask.app */,
				7688055227ADFB8800EB0576 /* FindTaskTests.xctest */,
				7688055C27ADFB8800EB0576 /* FindTaskUITests.xctest */,
			);
			name = Products;
			sourceTree = "<group>";
		};
		7688054427ADFB8800EB0576 /* FindTask */ = {
			isa = PBXGroup;
			children = (
				7688054527ADFB8800EB0576 /* FindTaskApp.swift */,
				7688054727ADFB8800EB0576 /* ContentView.swift */,
				7688054927ADFB8800EB0576 /* Assets.xcassets */,
				7688054B27ADFB8800EB0576 /* Preview Content */,
			);
			path = FindTask;
			sourceTree = "<group>";
		};
		7688054B27ADFB8800EB0576 /* Preview Content */ = {
			isa = PBXGroup;
			children = (
				7688054C27ADFB8800EB0576 /* Preview Assets.xcassets */,
			);
			path = "Preview Content";
			sourceTree = "<group>";
		};
		7688055527ADFB8800EB0576 /* FindTaskTests */ = {
			isa = PBXGroup;
			children = (
				7688055627ADFB8800EB0576 /* FindTaskTests.swift */,
			);
			path = FindTaskTests;
			sourceTree = "<group>";
		};
		7688055F27ADFB8800EB0576 /* FindTaskUITests */ = {
			isa = PBXGroup;
			children = (
				7688056027ADFB8800EB0576 /* FindTaskUITests.swift */,
				7688056227ADFB8800EB0576 /* FindTaskUITestsLaunchTests.swift */,
			);
			path = FindTaskUITests;
			sourceTree = "<group>";
		};
/* End PBXGroup section */

/* Begin PBXNativeTarget section */
		7688054127ADFB8800EB0576 /* FindTask */ = {
			isa = PBXNativeTarget;
			buildConfigurationList = 7688056627ADFB8800EB0576 /* Build configuration list for PBXNativeTarget "FindTask" */;
			buildPhases = (
				7688053E27ADFB8800EB0576 /* Sources */,
				7688053F27ADFB8800EB0576 /* Frameworks */,
				7688054027ADFB8800EB0576 /* Resources */,
			);
			buildRules = (
			);
			dependencies = (
			);
			name = FindTask;
			productName = FindTask;
			productReference = 7688054227ADFB8800EB0576 /* FindTask.app */;
			productType = "com.apple.product-type.application";
		};
		7688055127ADFB8800EB0576 /* FindTaskTests */ = {
			isa = PBXNativeTarget;
			buildConfigurationList = 7688056927ADFB8800EB0576 /* Build configuration list for PBXNativeTarget "FindTaskTests" */;
			buildPhases = (
				7688054E27ADFB8800EB0576 /* Sources */,
				7688054F27ADFB8800EB0576 /* Frameworks */,
				7688055027ADFB8800EB0576 /* Resources */,
			);
			buildRules = (
			);
			dependencies = (
				7688055427ADFB8800EB0576 /* PBXTargetDependency */,
			);
			name = FindTaskTests;
			productName = FindTaskTests;
			productReference = 7688055227ADFB8800EB0576 /* FindTaskTests.xctest */;
			productType = "com.apple.product-type.bundle.unit-test";
		};
		7688055B27ADFB8800EB0576 /* FindTaskUITests */ = {
			isa = PBXNativeTarget;
			buildConfigurationList = 7688056C27ADFB8800EB0576 /* Build configuration list for PBXNativeTarget "FindTaskUITests" */;
			buildPhases = (
				7688055827ADFB8800EB0576 /* Sources */,
				7688055927ADFB8800EB0576 /* Frameworks */,
				7688055A27ADFB8800EB0576 /* Resources */,
			);
			buildRules = (
			);
			dependencies = (
				7688055E27ADFB8800EB0576 /* PBXTargetDependency */,
			);
			name = FindTaskUITests;
			productName = FindTaskUITests;
			productReference = 7688055C27ADFB8800EB0576 /* FindTaskUITests.xctest */;
			productType = "com.apple.product-type.bundle.ui-testing";
		};
/* End PBXNativeTarget section */

/* Begin PBXProject section */
		7688053A27ADFB8700EB0576 /* Project object */ = {
			isa = PBXProject;
			attributes = {
				BuildIndependentTargetsInParallel = 1;
				LastSwiftUpdateCheck = 1320;
				LastUpgradeCheck = 1320;
				TargetAttributes = {
					7688054127ADFB8800EB0576 = {
						CreatedOnToolsVersion = 13.2.1;
					};
					7688055127ADFB8800EB0576 = {
						CreatedOnToolsVersion = 13.2.1;
						TestTargetID = 7688054127ADFB8800EB0576;
					};
					7688055B27ADFB8800EB0576 = {
						CreatedOnToolsVersion = 13.2.1;
						TestTargetID = 7688054127ADFB8800EB0576;
					};
				};
			};
			buildConfigurationList = 7688053D27ADFB8700EB0576 /* Build configuration list for PBXProject "FindTask" */;
			compatibilityVersion = "Xcode 13.0";
			developmentRegion = en;
			hasScannedForEncodings = 0;
			knownRegions = (
				en,
				Base,
			);
			mainGroup = 7688053927ADFB8700EB0576;
			productRefGroup = 7688054327ADFB8800EB0576 /* Products */;
			projectDirPath = "";
			projectRoot = "";
			targets = (
				7688054127ADFB8800EB0576 /* FindTask */,
				7688055127ADFB8800EB0576 /* FindTaskTests */,
				7688055B27ADFB8800EB0576 /* FindTaskUITests */,
			);
		};
/* End PBXProject section */

/* Begin PBXResourcesBuildPhase section */
		7688054027ADFB8800EB0576 /* Resources */ = {
			isa = PBXResourcesBuildPhase;
			buildActionMask = 2147483647;
			files = (
				7688054D27ADFB8800EB0576 /* Preview Assets.xcassets in Resources */,
				7688054A27ADFB8800EB0576 /* Assets.xcassets in Resources */,
			);
			runOnlyForDeploymentPostprocessing = 0;
		};
		7688055027ADFB8800EB0576 /* Resources */ = {
			isa = PBXResourcesBuildPhase;
			buildActionMask = 2147483647;
			files = (
			);
			runOnlyForDeploymentPostprocessing = 0;
		};
		7688055A27ADFB8800EB0576 /* Resources */ = {
			isa = PBXResourcesBuildPhase;
			buildActionMask = 2147483647;
			files = (
			);
			runOnlyForDeploymentPostprocessing = 0;
		};
/* End PBXResourcesBuildPhase section */

/* Begin PBXSourcesBuildPhase section */
		7688053E27ADFB8800EB0576 /* Sources */ = {
			isa = PBXSourcesBuildPhase;
			buildActionMask = 2147483647;
			files = (
				7688054827ADFB8800EB0576 /* ContentView.swift in Sources */,
				7688054627ADFB8800EB0576 /* FindTaskApp.swift in Sources */,
			);
			runOnlyForDeploymentPostprocessing = 0;
		};
		7688054E27ADFB8800EB0576 /* Sources */ = {
			isa = PBXSourcesBuildPhase;
			buildActionMask = 2147483647;
			files = (
				7688055727ADFB8800EB0576 /* FindTaskTests.swift in Sources */,
			);
			runOnlyForDeploymentPostprocessing = 0;
		};
		7688055827ADFB8800EB0576 /* Sources */ = {
			isa = PBXSourcesBuildPhase;
			buildActionMask = 2147483647;
			files = (
				7688056327ADFB8800EB0576 /* FindTaskUITestsLaunchTests.swift in Sources */,
				7688056127ADFB8800EB0576 /* FindTaskUITests.swift in Sources */,
			);
			runOnlyForDeploymentPostprocessing = 0;
		};
/* End PBXSourcesBuildPhase section */

/* Begin PBXTargetDependency section */
		7688055427ADFB8800EB0576 /* PBXTargetDependency */ = {
			isa = PBXTargetDependency;
			target = 7688054127ADFB8800EB0576 /* FindTask */;
			targetProxy = 7688055327ADFB8800EB0576 /* PBXContainerItemProxy */;
		};
		7688055E27ADFB8800EB0576 /* PBXTargetDependency */ = {
			isa = PBXTargetDependency;
			target = 7688054127ADFB8800EB0576 /* FindTask */;
			targetProxy = 7688055D27ADFB8800EB0576 /* PBXContainerItemProxy */;
		};
/* End PBXTargetDependency section */

/* Begin XCBuildConfiguration section */
		7688056427ADFB8800EB0576 /* Debug */ = {
			isa = XCBuildConfiguration;
			buildSettings = {
				ALWAYS_SEARCH_USER_PATHS = NO;
				CLANG_ANALYZER_NONNULL = YES;
				CLANG_ANALYZER_NUMBER_OBJECT_CONVERSION = YES_AGGRESSIVE;
				CLANG_CXX_LANGUAGE_STANDARD = "gnu++17";
				CLANG_CXX_LIBRARY = "libc++";
				CLANG_ENABLE_MODULES = YES;
				CLANG_ENABLE_OBJC_ARC = YES;
				CLANG_ENABLE_OBJC_WEAK = YES;
				CLANG_WARN_BLOCK_CAPTURE_AUTORELEASING = YES;
				CLANG_WARN_BOOL_CONVERSION = YES;
				CLANG_WARN_COMMA = YES;
				CLANG_WARN_CONSTANT_CONVERSION = YES;
				CLANG_WARN_DEPRECATED_OBJC_IMPLEMENTATIONS = YES;
				CLANG_WARN_DIRECT_OBJC_ISA_USAGE = YES_ERROR;
				CLANG_WARN_DOCUMENTATION_COMMENTS = YES;
				CLANG_WARN_EMPTY_BODY = YES;
				CLANG_WARN_ENUM_CONVERSION = YES;
				CLANG_WARN_INFINITE_RECURSION = YES;
				CLANG_WARN_INT_CONVERSION = YES;
				CLANG_WARN_NON_LITERAL_NULL_CONVERSION = YES;
				CLANG_WARN_OBJC_IMPLICIT_RETAIN_SELF = YES;
				CLANG_WARN_OBJC_LITERAL_CONVERSION = YES;
				CLANG_WARN_OBJC_ROOT_CLASS = YES_ERROR;
				CLANG_WARN_QUOTED_INCLUDE_IN_FRAMEWORK_HEADER = YES;
				CLANG_WARN_RANGE_LOOP_ANALYSIS = YES;
				CLANG_WARN_STRICT_PROTOTYPES = YES;
				CLANG_WARN_SUSPICIOUS_MOVE = YES;
				CLANG_WARN_UNGUARDED_AVAILABILITY = YES_AGGRESSIVE;
				CLANG_WARN_UNREACHABLE_CODE = YES;
				CLANG_WARN__DUPLICATE_METHOD_MATCH = YES;
				COPY_PHASE_STRIP = NO;
				DEBUG_INFORMATION_FORMAT = dwarf;
				ENABLE_STRICT_OBJC_MSGSEND = YES;
				ENABLE_TESTABILITY = YES;
				GCC_C_LANGUAGE_STANDARD = gnu11;
				GCC_DYNAMIC_NO_PIC = NO;
				GCC_NO_COMMON_BLOCKS = YES;
				GCC_OPTIMIZATION_LEVEL = 0;
				GCC_PREPROCESSOR_DEFINITIONS = (
					"DEBUG=1",
					"$(inherited)",
				);
				GCC_WARN_64_TO_32_BIT_CONVERSION = YES;
				GCC_WARN_ABOUT_RETURN_TYPE = YES_ERROR;
				GCC_WARN_UNDECLARED_SELECTOR = YES;
				GCC_WARN_UNINITIALIZED_AUTOS = YES_AGGRESSIVE;
				GCC_WARN_UNUSED_FUNCTION = YES;
				GCC_WARN_UNUSED_VARIABLE = YES;
				IPHONEOS_DEPLOYMENT_TARGET = 15.2;
				MTL_ENABLE_DEBUG_INFO = INCLUDE_SOURCE;
				MTL_FAST_MATH = YES;
				ONLY_ACTIVE_ARCH = YES;
				SDKROOT = iphoneos;
				SWIFT_ACTIVE_COMPILATION_CONDITIONS = DEBUG;
				SWIFT_OPTIMIZATION_LEVEL = "-Onone";
			};
			name = Debug;
		};
		7688056527ADFB8800EB0576 /* Release */ = {
			isa = XCBuildConfiguration;
			buildSettings = {
				ALWAYS_SEARCH_USER_PATHS = NO;
				CLANG_ANALYZER_NONNULL = YES;
				CLANG_ANALYZER_NUMBER_OBJECT_CONVERSION = YES_AGGRESSIVE;
				CLANG_CXX_LANGUAGE_STANDARD = "gnu++17";
				CLANG_CXX_LIBRARY = "libc++";
				CLANG_ENABLE_MODULES = YES;
				CLANG_ENABLE_OBJC_ARC = YES;
				CLANG_ENABLE_OBJC_WEAK = YES;
				CLANG_WARN_BLOCK_CAPTURE_AUTORELEASING = YES;
				CLANG_WARN_BOOL_CONVERSION = YES;
				CLANG_WARN_COMMA = YES;
				CLANG_WARN_CONSTANT_CONVERSION = YES;
				CLANG_WARN_DEPRECATED_OBJC_IMPLEMENTATIONS = YES;
				CLANG_WARN_DIRECT_OBJC_ISA_USAGE = YES_ERROR;
				CLANG_WARN_DOCUMENTATION_COMMENTS = YES;
				CLANG_WARN_EMPTY_BODY = YES;
				CLANG_WARN_ENUM_CONVERSION = YES;
				CLANG_WARN_INFINITE_RECURSION = YES;
				CLANG_WARN_INT_CONVERSION = YES;
				CLANG_WARN_NON_LITERAL_NULL_CONVERSION = YES;
				CLANG_WARN_OBJC_IMPLICIT_RETAIN_SELF = YES;
				CLANG_WARN_OBJC_LITERAL_CONVERSION = YES;
				CLANG_WARN_OBJC_ROOT_CLASS = YES_ERROR;
				CLANG_WARN_QUOTED_INCLUDE_IN_FRAMEWORK_HEADER = YES;
				CLANG_WARN_RANGE_LOOP_ANALYSIS = YES;
				CLANG_WARN_STRICT_PROTOTYPES = YES;
				CLANG_WARN_SUSPICIOUS_MOVE = YES;
				CLANG_WARN_UNGUARDED_AVAILABILITY = YES_AGGRESSIVE;
				CLANG_WARN_UNREACHABLE_CODE = YES;
				CLANG_WARN__DUPLICATE_METHOD_MATCH = YES;
				COPY_PHASE_STRIP = NO;
				DEBUG_INFORMATION_FORMAT = "dwarf-with-dsym";
				ENABLE_NS_ASSERTIONS = NO;
				ENABLE_STRICT_OBJC_MSGSEND = YES;
				GCC_C_LANGUAGE_STANDARD = gnu11;
				GCC_NO_COMMON_BLOCKS = YES;
				GCC_WARN_64_TO_32_BIT_CONVERSION = YES;
				GCC_WARN_ABOUT_RETURN_TYPE = YES_ERROR;
				GCC_WARN_UNDECLARED_SELECTOR = YES;
				GCC_WARN_UNINITIALIZED_AUTOS = YES_AGGRESSIVE;
				GCC_WARN_UNUSED_FUNCTION = YES;
				GCC_WARN_UNUSED_VARIABLE = YES;
				IPHONEOS_DEPLOYMENT_TARGET = 15.2;
				MTL_ENABLE_DEBUG_INFO = NO;
				MTL_FAST_MATH = YES;
				SDKROOT = iphoneos;
				SWIFT_COMPILATION_MODE = wholemodule;
				SWIFT_OPTIMIZATION_LEVEL = "-O";
				VALIDATE_PRODUCT = YES;
			};
			name = Release;
		};
		7688056727ADFB8800EB0576 /* Debug */ = {
			isa = XCBuildConfiguration;
			buildSettings = {
				ASSETCATALOG_COMPILER_APPICON_NAME = AppIcon;
				ASSETCATALOG_COMPILER_GLOBAL_ACCENT_COLOR_NAME = AccentColor;
				CODE_SIGN_STYLE = Automatic;
				CURRENT_PROJECT_VERSION = 1;
				DEVELOPMENT_ASSET_PATHS = "\"FindTask/Preview Content\"";
				DEVELOPMENT_TEAM = 5V4PCVF8KM;
				ENABLE_PREVIEWS = YES;
				GENERATE_INFOPLIST_FILE = YES;
				INFOPLIST_KEY_UIApplicationSceneManifest_Generation = YES;
				INFOPLIST_KEY_UIApplicationSupportsIndirectInputEvents = YES;
				INFOPLIST_KEY_UILaunchScreen_Generation = YES;
				INFOPLIST_KEY_UISupportedInterfaceOrientations_iPad = "UIInterfaceOrientationPortrait UIInterfaceOrientationPortraitUpsideDown UIInterfaceOrientationLandscapeLeft UIInterfaceOrientationLandscapeRight";
				INFOPLIST_KEY_UISupportedInterfaceOrientations_iPhone = "UIInterfaceOrientationPortrait UIInterfaceOrientationLandscapeLeft UIInterfaceOrientationLandscapeRight";
				LD_RUNPATH_SEARCH_PATHS = (
					"$(inherited)",
					"@executable_path/Frameworks",
				);
				MARKETING_VERSION = 1.0;
				PRODUCT_BUNDLE_IDENTIFIER = com.dixonchu.FindTask;
				PRODUCT_NAME = "$(TARGET_NAME)";
				SWIFT_EMIT_LOC_STRINGS = YES;
				SWIFT_VERSION = 5.0;
				TARGETED_DEVICE_FAMILY = "1,2";
			};
			name = Debug;
		};
		7688056827ADFB8800EB0576 /* Release */ = {
			isa = XCBuildConfiguration;
			buildSettings = {
				ASSETCATALOG_COMPILER_APPICON_NAME = AppIcon;
				ASSETCATALOG_COMPILER_GLOBAL_ACCENT_COLOR_NAME = AccentColor;
				CODE_SIGN_STYLE = Automatic;
				CURRENT_PROJECT_VERSION = 1;
				DEVELOPMENT_ASSET_PATHS = "\"FindTask/Preview Content\"";
				DEVELOPMENT_TEAM = 5V4PCVF8KM;
				ENABLE_PREVIEWS = YES;
				GENERATE_INFOPLIST_FILE = YES;
				INFOPLIST_KEY_UIApplicationSceneManifest_Generation = YES;
				INFOPLIST_KEY_UIApplicationSupportsIndirectInputEvents = YES;
				INFOPLIST_KEY_UILaunchScreen_Generation = YES;
				INFOPLIST_KEY_UISupportedInterfaceOrientations_iPad = "UIInterfaceOrientationPortrait UIInterfaceOrientationPortraitUpsideDown UIInterfaceOrientationLandscapeLeft UIInterfaceOrientationLandscapeRight";
				INFOPLIST_KEY_UISupportedInterfaceOrientations_iPhone = "UIInterfaceOrientationPortrait UIInterfaceOrientationLandscapeLeft UIInterfaceOrientationLandscapeRight";
				LD_RUNPATH_SEARCH_PATHS = (
					"$(inherited)",
					"@executable_path/Frameworks",
				);
				MARKETING_VERSION = 1.0;
				PRODUCT_BUNDLE_IDENTIFIER = com.dixonchu.FindTask;
				PRODUCT_NAME = "$(TARGET_NAME)";
				SWIFT_EMIT_LOC_STRINGS = YES;
				SWIFT_VERSION = 5.0;
				TARGETED_DEVICE_FAMILY = "1,2";
			};
			name = Release;
		};
		7688056A27ADFB8800EB0576 /* Debug */ = {
			isa = XCBuildConfiguration;
			buildSettings = {
				ALWAYS_EMBED_SWIFT_STANDARD_LIBRARIES = YES;
				BUNDLE_LOADER = "$(TEST_HOST)";
				CODE_SIGN_STYLE = Automatic;
				CURRENT_PROJECT_VERSION = 1;
				DEVELOPMENT_TEAM = 5V4PCVF8KM;
				GENERATE_INFOPLIST_FILE = YES;
				IPHONEOS_DEPLOYMENT_TARGET = 15.2;
				MARKETING_VERSION = 1.0;
				PRODUCT_BUNDLE_IDENTIFIER = com.dixonchu.FindTaskTests;
				PRODUCT_NAME = "$(TARGET_NAME)";
				SWIFT_EMIT_LOC_STRINGS = NO;
				SWIFT_VERSION = 5.0;
				TARGETED_DEVICE_FAMILY = "1,2";
				TEST_HOST = "$(BUILT_PRODUCTS_DIR)/FindTask.app/FindTask";
			};
			name = Debug;
		};
		7688056B27ADFB8800EB0576 /* Release */ = {
			isa = XCBuildConfiguration;
			buildSettings = {
				ALWAYS_EMBED_SWIFT_STANDARD_LIBRARIES = YES;
				BUNDLE_LOADER = "$(TEST_HOST)";
				CODE_SIGN_STYLE = Automatic;
				CURRENT_PROJECT_VERSION = 1;
				DEVELOPMENT_TEAM = 5V4PCVF8KM;
				GENERATE_INFOPLIST_FILE = YES;
				IPHONEOS_DEPLOYMENT_TARGET = 15.2;
				MARKETING_VERSION = 1.0;
				PRODUCT_BUNDLE_IDENTIFIER = com.dixonchu.FindTaskTests;
				PRODUCT_NAME = "$(TARGET_NAME)";
				SWIFT_EMIT_LOC_STRINGS = NO;
				SWIFT_VERSION = 5.0;
				TARGETED_DEVICE_FAMILY = "1,2";
				TEST_HOST = "$(BUILT_PRODUCTS_DIR)/FindTask.app/FindTask";
			};
			name = Release;
		};
		7688056D27ADFB8800EB0576 /* Debug */ = {
			isa = XCBuildConfiguration;
			buildSettings = {
				ALWAYS_EMBED_SWIFT_STANDARD_LIBRARIES = YES;
				CODE_SIGN_STYLE = Automatic;
				CURRENT_PROJECT_VERSION = 1;
				DEVELOPMENT_TEAM = 5V4PCVF8KM;
				GENERATE_INFOPLIST_FILE = YES;
				MARKETING_VERSION = 1.0;
				PRODUCT_BUNDLE_IDENTIFIER = com.dixonchu.FindTaskUITests;
				PRODUCT_NAME = "$(TARGET_NAME)";
				SWIFT_EMIT_LOC_STRINGS = NO;
				SWIFT_VERSION = 5.0;
				TARGETED_DEVICE_FAMILY = "1,2";
				TEST_TARGET_NAME = FindTask;
			};
			name = Debug;
		};
		7688056E27ADFB8800EB0576 /* Release */ = {
			isa = XCBuildConfiguration;
			buildSettings = {
				ALWAYS_EMBED_SWIFT_STANDARD_LIBRARIES = YES;
				CODE_SIGN_STYLE = Automatic;
				CURRENT_PROJECT_VERSION = 1;
				DEVELOPMENT_TEAM = 5V4PCVF8KM;
				GENERATE_INFOPLIST_FILE = YES;
				MARKETING_VERSION = 1.0;
				PRODUCT_BUNDLE_IDENTIFIER = com.dixonchu.FindTaskUITests;
				PRODUCT_NAME = "$(TARGET_NAME)";
				SWIFT_EMIT_LOC_STRINGS = NO;
				SWIFT_VERSION = 5.0;
				TARGETED_DEVICE_FAMILY = "1,2";
				TEST_TARGET_NAME = FindTask;
			};
			name = Release;
		};
/* End XCBuildConfiguration section */

/* Begin XCConfigurationList section */
		7688053D27ADFB8700EB0576 /* Build configuration list for PBXProject "FindTask" */ = {
			isa = XCConfigurationList;
			buildConfigurations = (
				7688056427ADFB8800EB0576 /* Debug */,
				7688056527ADFB8800EB0576 /* Release */,
			);
			defaultConfigurationIsVisible = 0;
			defaultConfigurationName = Release;
		};
		7688056627ADFB8800EB0576 /* Build configuration list for PBXNativeTarget "FindTask" */ = {
			isa = XCConfigurationList;
			buildConfigurations = (
				7688056727ADFB8800EB0576 /* Debug */,
				7688056827ADFB8800EB0576 /* Release */,
			);
			defaultConfigurationIsVisible = 0;
			defaultConfigurationName = Release;
		};
		7688056927ADFB8800EB0576 /* Build configuration list for PBXNativeTarget "FindTaskTests" */ = {
			isa = XCConfigurationList;
			buildConfigurations = (
				7688056A27ADFB8800EB0576 /* Debug */,
				7688056B27ADFB8800EB0576 /* Release */,
			);
			defaultConfigurationIsVisible = 0;
			defaultConfigurationName = Release;
		};
		7688056C27ADFB8800EB0576 /* Build configuration list for PBXNativeTarget "FindTaskUITests" */ = {
			isa = XCConfigurationList;
			buildConfigurations = (
				7688056D27ADFB8800EB0576 /* Debug */,
				7688056E27ADFB8800EB0576 /* Release */,
			);
			defaultConfigurationIsVisible = 0;
			defaultConfigurationName = Release;
		};
/* End XCConfigurationList section */
	};
	rootObject = 7688053A27ADFB8700EB0576 /* Project object */;
}
